
Microsoft Visual Studio Solution File, Format Version 12.00
# Visual Studio 15
VisualStudioVersion = 15.0.28307.1169
MinimumVisualStudioVersion = 10.0.40219.1
Project("{8BC9CEB8-8B4A-11D0-8D11-00A0C91BC942}") = "Gaskill-Lab3-2", "Gaskill-Lab3-2\Gaskill-Lab3-2.vcxproj", "{B50DEE03-8A2F-496D-BE19-13D3E5F35D50}"
EndProject
Global
	GlobalSection(SolutionConfigurationPlatforms) = preSolution
		Debug|x64 = Debug|x64
		Debug|x86 = Debug|x86
		Release|x64 = Release|x64
		Release|x86 = Release|x86
	EndGlobalSection
	GlobalSection(ProjectConfigurationPlatforms) = postSolution
		{B50DEE03-8A2F-496D-BE19-13D3E5F35D50}.Debug|x64.ActiveCfg = Debug|x64
		{B50DEE03-8A2F-496D-BE19-13D3E5F35D50}.Debug|x64.Build.0 = Debug|x64
		{B50DEE03-8A2F-496D-BE19-13D3E5F35D50}.Debug|x86.ActiveCfg = Debug|Win32
		{B50DEE03-8A2F-496D-BE19-13D3E5F35D50}.Debug|x86.Build.0 = Debug|Win32
		{B50DEE03-8A2F-496D-BE19-13D3E5F35D50}.Release|x64.ActiveCfg = Release|x64
		{B50DEE03-8A2F-496D-BE19-13D3E5F35D50}.Release|x64.Build.0 = Release|x64
		{B50DEE03-8A2F-496D-BE19-13D3E5F35D50}.Release|x86.ActiveCfg = Release|Win32
		{B50DEE03-8A2F-496D-BE19-13D3E5F35D50}.Release|x86.Build.0 = Release|Win32
	EndGlobalSection
	GlobalSection(SolutionProperties) = preSolution
		HideSolutionNode = FALSE
	EndGlobalSection
	GlobalSection(ExtensibilityGlobals) = postSolution
		SolutionGuid = {616FD7E5-C06E-4EC8-9F13-42A31E06F36C}
	EndGlobalSection
EndGlobal
