
Microsoft Visual Studio Solution File, Format Version 12.00
# Visual Studio 15
VisualStudioVersion = 15.0.28307.1169
MinimumVisualStudioVersion = 10.0.40219.1
Project("{8BC9CEB8-8B4A-11D0-8D11-00A0C91BC942}") = "Hw02-1BGaskill", "Hw02-1BGaskill\Hw02-1BGaskill.vcxproj", "{293397F0-2763-433C-A38E-DFDCBCECE56A}"
EndProject
Global
	GlobalSection(SolutionConfigurationPlatforms) = preSolution
		Debug|x64 = Debug|x64
		Debug|x86 = Debug|x86
		Release|x64 = Release|x64
		Release|x86 = Release|x86
	EndGlobalSection
	GlobalSection(ProjectConfigurationPlatforms) = postSolution
		{293397F0-2763-433C-A38E-DFDCBCECE56A}.Debug|x64.ActiveCfg = Debug|x64
		{293397F0-2763-433C-A38E-DFDCBCECE56A}.Debug|x64.Build.0 = Debug|x64
		{293397F0-2763-433C-A38E-DFDCBCECE56A}.Debug|x86.ActiveCfg = Debug|Win32
		{293397F0-2763-433C-A38E-DFDCBCECE56A}.Debug|x86.Build.0 = Debug|Win32
		{293397F0-2763-433C-A38E-DFDCBCECE56A}.Release|x64.ActiveCfg = Release|x64
		{293397F0-2763-433C-A38E-DFDCBCECE56A}.Release|x64.Build.0 = Release|x64
		{293397F0-2763-433C-A38E-DFDCBCECE56A}.Release|x86.ActiveCfg = Release|Win32
		{293397F0-2763-433C-A38E-DFDCBCECE56A}.Release|x86.Build.0 = Release|Win32
	EndGlobalSection
	GlobalSection(SolutionProperties) = preSolution
		HideSolutionNode = FALSE
	EndGlobalSection
	GlobalSection(ExtensibilityGlobals) = postSolution
		SolutionGuid = {5C5AEACD-C2F3-43F0-A569-A58065B42C56}
	EndGlobalSection
EndGlobal
